
Microsoft Visual Studio Solution File, Format Version 12.00
# Visual Studio 15
VisualStudioVersion = 15.0.28307.572
MinimumVisualStudioVersion = 10.0.40219.1
Project("{FAE04EC0-301F-11D3-BF4B-00C04F79EFBC}") = "Winform Practice", "Winform Practice\Winform Practice.csproj", "{FA90FE96-F921-41A1-82D1-02566AE772FF}"
EndProject
Global
	GlobalSection(SolutionConfigurationPlatforms) = preSolution
		Debug|Any CPU = Debug|Any CPU
		Release|Any CPU = Release|Any CPU
	EndGlobalSection
	GlobalSection(ProjectConfigurationPlatforms) = postSolution
		{FA90FE96-F921-41A1-82D1-02566AE772FF}.Debug|Any CPU.ActiveCfg = Debug|Any CPU
		{FA90FE96-F921-41A1-82D1-02566AE772FF}.Debug|Any CPU.Build.0 = Debug|Any CPU
		{FA90FE96-F921-41A1-82D1-02566AE772FF}.Release|Any CPU.ActiveCfg = Release|Any CPU
		{FA90FE96-F921-41A1-82D1-02566AE772FF}.Release|Any CPU.Build.0 = Release|Any CPU
	EndGlobalSection
	GlobalSection(SolutionProperties) = preSolution
		HideSolutionNode = FALSE
	EndGlobalSection
	GlobalSection(ExtensibilityGlobals) = postSolution
		SolutionGuid = {A7445104-356F-4331-91D9-52A618742D85}
	EndGlobalSection
EndGlobal
